#
# This file is autogenerated by pip-compile with Python 3.11
# by the following command:
#
#    pip-compile --output-file='C:\Users\paolo\Documents\GitHub\tentative_agri_proj\src\requirements.lock' 'C:\Users\paolo\Documents\GitHub\tentative_agri_proj\src\requirements.txt'
#
absl-py==2.1.0
    # via
    #   tensorboard
    #   tensorflow-intel
aiobotocore==2.11.2
    # via s3fs
aiofiles==23.2.1
    # via kedro-viz
aiohttp==3.9.3
    # via
    #   aiobotocore
    #   s3fs
aioitertools==0.11.0
    # via aiobotocore
aiosignal==1.3.1
    # via aiohttp
antlr4-python3-runtime==4.9.3
    # via omegaconf
anyconfig==0.14.0
    # via kedro
anyio==3.7.1
    # via
    #   jupyter-server
    #   starlette
    #   watchfiles
    #   watchgod
argon2-cffi==23.1.0
    # via
    #   jupyter-server
    #   nbclassic
    #   notebook
argon2-cffi-bindings==21.2.0
    # via argon2-cffi
arrow==1.3.0
    # via cookiecutter
asttokens==2.4.1
    # via stack-data
astunparse==1.6.3
    # via tensorflow-intel
attrs==23.2.0
    # via
    #   aiohttp
    #   jsonschema
    #   kedro
    #   referencing
babel==2.14.0
    # via jupyterlab-server
beautifulsoup4==4.12.3
    # via nbconvert
binaryornot==0.4.4
    # via cookiecutter
black==22.12.0
    # via -r C:\Users\paolo\Documents\GitHub\tentative_agri_proj\src\requirements.txt
bleach==6.1.0
    # via nbconvert
botocore==1.34.34
    # via aiobotocore
build==1.0.3
    # via
    #   kedro
    #   pip-tools
cachetools==5.3.2
    # via
    #   google-auth
    #   kedro
certifi==2024.2.2
    # via requests
cffi==1.16.0
    # via argon2-cffi-bindings
chardet==5.2.0
    # via binaryornot
charset-normalizer==3.3.2
    # via requests
click==8.1.7
    # via
    #   black
    #   cookiecutter
    #   kedro
    #   pip-tools
    #   uvicorn
colorama==0.4.6
    # via
    #   build
    #   click
    #   ipython
    #   pytest
    #   uvicorn
comm==0.2.1
    # via
    #   ipykernel
    #   ipywidgets
contourpy==1.2.0
    # via matplotlib
cookiecutter==2.5.0
    # via kedro
coverage[toml]==7.4.1
    # via
    #   coverage
    #   pytest-cov
cycler==0.12.1
    # via matplotlib
debugpy==1.8.1
    # via ipykernel
decorator==5.1.1
    # via ipython
defusedxml==0.7.1
    # via nbconvert
dynaconf==3.2.4
    # via kedro
entrypoints==0.4
    # via jupyter-client
executing==2.0.1
    # via stack-data
fastapi==0.109.2
    # via kedro-viz
fastjsonschema==2.19.1
    # via nbformat
flake8==4.0.1
    # via -r C:\Users\paolo\Documents\GitHub\tentative_agri_proj\src\requirements.txt
flatbuffers==23.5.26
    # via tensorflow-intel
fonttools==4.48.1
    # via matplotlib
frozenlist==1.4.1
    # via
    #   aiohttp
    #   aiosignal
fsspec==2023.12.2
    # via
    #   kedro
    #   kedro-viz
    #   s3fs
gast==0.5.4
    # via tensorflow-intel
gitdb==4.0.11
    # via gitpython
gitpython==3.1.41
    # via kedro
google-auth==2.27.0
    # via
    #   google-auth-oauthlib
    #   tensorboard
google-auth-oauthlib==1.2.0
    # via tensorboard
google-pasta==0.2.0
    # via tensorflow-intel
graphql-core==3.2.3
    # via strawberry-graphql
greenlet==3.0.3
    # via sqlalchemy
grpcio==1.60.1
    # via
    #   tensorboard
    #   tensorflow-intel
h11==0.14.0
    # via uvicorn
h5py==3.10.0
    # via tensorflow-intel
httptools==0.6.1
    # via uvicorn
idna==3.6
    # via
    #   anyio
    #   requests
    #   yarl
importlib-metadata==6.11.0
    # via kedro
importlib-resources==6.1.1
    # via kedro
iniconfig==2.0.0
    # via pytest
ipykernel==6.29.2
    # via
    #   -r C:\Users\paolo\Documents\GitHub\tentative_agri_proj\src\requirements.txt
    #   jupyter
    #   jupyter-console
    #   nbclassic
    #   notebook
    #   qtconsole
ipython==8.21.0
    # via
    #   -r C:\Users\paolo\Documents\GitHub\tentative_agri_proj\src\requirements.txt
    #   ipykernel
    #   ipywidgets
    #   jupyter-console
    #   jupyterlab
    #   kedro-viz
ipython-genutils==0.2.0
    # via
    #   nbclassic
    #   notebook
ipywidgets==8.1.2
    # via jupyter
isort==5.13.2
    # via -r C:\Users\paolo\Documents\GitHub\tentative_agri_proj\src\requirements.txt
jedi==0.19.1
    # via ipython
jinja2==3.1.3
    # via
    #   cookiecutter
    #   jupyter-server
    #   jupyterlab
    #   jupyterlab-server
    #   nbclassic
    #   nbconvert
    #   notebook
jmespath==1.0.1
    # via
    #   botocore
    #   kedro
json5==0.9.14
    # via jupyterlab-server
jsonschema==4.21.1
    # via
    #   jupyterlab-server
    #   nbformat
jsonschema-specifications==2023.12.1
    # via jsonschema
jupyter==1.0.0
    # via -r C:\Users\paolo\Documents\GitHub\tentative_agri_proj\src\requirements.txt
jupyter-client==7.4.9
    # via
    #   ipykernel
    #   jupyter-console
    #   jupyter-server
    #   nbclassic
    #   nbclient
    #   notebook
    #   qtconsole
jupyter-console==6.6.3
    # via jupyter
jupyter-core==5.7.1
    # via
    #   ipykernel
    #   jupyter-client
    #   jupyter-console
    #   jupyter-server
    #   jupyterlab
    #   nbclassic
    #   nbclient
    #   nbconvert
    #   nbformat
    #   notebook
    #   qtconsole
jupyter-server==1.24.0
    # via
    #   jupyterlab
    #   jupyterlab-server
    #   nbclassic
    #   notebook-shim
jupyterlab==3.5.3
    # via -r C:\Users\paolo\Documents\GitHub\tentative_agri_proj\src\requirements.txt
jupyterlab-pygments==0.3.0
    # via nbconvert
jupyterlab-server==2.15.2
    # via
    #   -r C:\Users\paolo\Documents\GitHub\tentative_agri_proj\src\requirements.txt
    #   jupyterlab
jupyterlab-widgets==3.0.10
    # via ipywidgets
kedro==0.18.14
    # via
    #   -r C:\Users\paolo\Documents\GitHub\tentative_agri_proj\src\requirements.txt
    #   kedro-telemetry
    #   kedro-viz
kedro-telemetry==0.2.5
    # via -r C:\Users\paolo\Documents\GitHub\tentative_agri_proj\src\requirements.txt
kedro-viz==7.1.0
    # via -r C:\Users\paolo\Documents\GitHub\tentative_agri_proj\src\requirements.txt
keras==2.15.0
    # via tensorflow-intel
kiwisolver==1.4.5
    # via matplotlib
libclang==16.0.6
    # via tensorflow-intel
markdown==3.5.2
    # via tensorboard
markdown-it-py==3.0.0
    # via rich
markupsafe==2.1.5
    # via
    #   jinja2
    #   nbconvert
    #   werkzeug
matplotlib==3.8.2
    # via seaborn
matplotlib-inline==0.1.6
    # via
    #   ipykernel
    #   ipython
mccabe==0.6.1
    # via flake8
mdurl==0.1.2
    # via markdown-it-py
mistune==3.0.2
    # via nbconvert
ml-dtypes==0.2.0
    # via tensorflow-intel
more-itertools==10.2.0
    # via kedro
multidict==6.0.5
    # via
    #   aiohttp
    #   yarl
mypy-extensions==1.0.0
    # via black
nbclassic==1.0.0
    # via
    #   jupyterlab
    #   notebook
nbclient==0.9.0
    # via nbconvert
nbconvert==7.16.0
    # via
    #   jupyter
    #   jupyter-server
    #   nbclassic
    #   notebook
nbformat==5.9.2
    # via
    #   jupyter-server
    #   nbclassic
    #   nbclient
    #   nbconvert
    #   nbstripout
    #   notebook
nbstripout==0.7.1
    # via -r C:\Users\paolo\Documents\GitHub\tentative_agri_proj\src\requirements.txt
nest-asyncio==1.6.0
    # via
    #   ipykernel
    #   jupyter-client
    #   nbclassic
    #   notebook
networkx==3.2.1
    # via kedro-viz
notebook==6.5.6
    # via
    #   jupyter
    #   jupyterlab
notebook-shim==0.2.3
    # via nbclassic
numpy==1.26.4
    # via
    #   contourpy
    #   h5py
    #   matplotlib
    #   ml-dtypes
    #   opt-einsum
    #   pandas
    #   pyarrow
    #   seaborn
    #   tensorboard
    #   tensorflow-intel
oauthlib==3.2.2
    # via requests-oauthlib
omegaconf==2.3.0
    # via
    #   -r C:\Users\paolo\Documents\GitHub\tentative_agri_proj\src\requirements.txt
    #   kedro
opt-einsum==3.3.0
    # via tensorflow-intel
orjson==3.9.13
    # via kedro-viz
packaging==23.2
    # via
    #   build
    #   ipykernel
    #   jupyter-server
    #   jupyterlab
    #   jupyterlab-server
    #   kedro-viz
    #   matplotlib
    #   nbconvert
    #   plotly
    #   pytest
    #   pytoolconfig
    #   qtconsole
    #   qtpy
    #   tensorflow-intel
pandas==2.2.0
    # via
    #   -r C:\Users\paolo\Documents\GitHub\tentative_agri_proj\src\requirements.txt
    #   kedro-viz
    #   seaborn
pandocfilters==1.5.1
    # via nbconvert
parse==1.20.1
    # via kedro
parso==0.8.3
    # via jedi
pathspec==0.12.1
    # via black
pillow==10.2.0
    # via matplotlib
pip-tools==7.3.0
    # via kedro
platformdirs==4.2.0
    # via
    #   black
    #   jupyter-core
    #   pytoolconfig
plotly==5.18.0
    # via kedro-viz
pluggy==1.2.0
    # via
    #   kedro
    #   pytest
prometheus-client==0.19.0
    # via
    #   jupyter-server
    #   nbclassic
    #   notebook
prompt-toolkit==3.0.43
    # via
    #   ipython
    #   jupyter-console
protobuf==4.25.2
    # via
    #   tensorboard
    #   tensorflow-intel
psutil==5.9.8
    # via ipykernel
pure-eval==0.2.2
    # via stack-data
pyarrow==15.0.0
    # via -r C:\Users\paolo\Documents\GitHub\tentative_agri_proj\src\requirements.txt
pyasn1==0.5.1
    # via
    #   pyasn1-modules
    #   rsa
pyasn1-modules==0.3.0
    # via google-auth
pycodestyle==2.8.0
    # via flake8
pycparser==2.21
    # via cffi
pydantic==1.10.14
    # via
    #   fastapi
    #   kedro-viz
pyflakes==2.4.0
    # via flake8
pygments==2.17.2
    # via
    #   ipython
    #   jupyter-console
    #   nbconvert
    #   qtconsole
    #   rich
pyparsing==3.1.1
    # via matplotlib
pyproject-hooks==1.0.0
    # via build
pytest==7.4.4
    # via
    #   -r C:\Users\paolo\Documents\GitHub\tentative_agri_proj\src\requirements.txt
    #   pytest-cov
    #   pytest-mock
pytest-cov==3.0.0
    # via -r C:\Users\paolo\Documents\GitHub\tentative_agri_proj\src\requirements.txt
pytest-mock==1.13.0
    # via -r C:\Users\paolo\Documents\GitHub\tentative_agri_proj\src\requirements.txt
python-dateutil==2.8.2
    # via
    #   arrow
    #   botocore
    #   jupyter-client
    #   matplotlib
    #   pandas
    #   strawberry-graphql
python-dotenv==1.0.1
    # via uvicorn
python-slugify==8.0.4
    # via cookiecutter
pytoolconfig[global]==1.3.1
    # via
    #   pytoolconfig
    #   rope
pytz==2024.1
    # via pandas
pywin32==306
    # via jupyter-core
pywinpty==2.0.12
    # via
    #   jupyter-server
    #   terminado
pyyaml==6.0.1
    # via
    #   cookiecutter
    #   kedro
    #   omegaconf
    #   uvicorn
pyzmq==24.0.1
    # via
    #   ipykernel
    #   jupyter-client
    #   jupyter-console
    #   jupyter-server
    #   nbclassic
    #   notebook
    #   qtconsole
qtconsole==5.5.1
    # via jupyter
qtpy==2.4.1
    # via qtconsole
referencing==0.33.0
    # via
    #   jsonschema
    #   jsonschema-specifications
requests==2.31.0
    # via
    #   cookiecutter
    #   jupyterlab-server
    #   kedro-telemetry
    #   requests-oauthlib
    #   tensorboard
requests-oauthlib==1.3.1
    # via google-auth-oauthlib
rich==13.7.0
    # via
    #   cookiecutter
    #   kedro
rope==1.12.0
    # via kedro
rpds-py==0.17.1
    # via
    #   jsonschema
    #   referencing
rsa==4.9
    # via google-auth
s3fs==2023.12.2
    # via kedro-viz
seaborn==0.13.2
    # via -r C:\Users\paolo\Documents\GitHub\tentative_agri_proj\src\requirements.txt
secure==0.3.0
    # via kedro-viz
send2trash==1.8.2
    # via
    #   jupyter-server
    #   nbclassic
    #   notebook
six==1.16.0
    # via
    #   asttokens
    #   astunparse
    #   bleach
    #   google-pasta
    #   python-dateutil
    #   tensorboard
    #   tensorflow-intel
smmap==5.0.1
    # via gitdb
sniffio==1.3.0
    # via anyio
soupsieve==2.5
    # via beautifulsoup4
sqlalchemy==2.0.25
    # via kedro-viz
stack-data==0.6.3
    # via ipython
starlette==0.36.3
    # via fastapi
strawberry-graphql==0.219.2
    # via kedro-viz
tenacity==8.2.3
    # via plotly
tensorboard==2.15.2
    # via tensorflow-intel
tensorboard-data-server==0.7.2
    # via tensorboard
tensorflow==2.15.0
    # via -r C:\Users\paolo\Documents\GitHub\tentative_agri_proj\src\requirements.txt
tensorflow-estimator==2.15.0
    # via tensorflow-intel
tensorflow-intel==2.15.0
    # via tensorflow
tensorflow-io-gcs-filesystem==0.31.0
    # via tensorflow-intel
termcolor==2.4.0
    # via tensorflow-intel
terminado==0.18.0
    # via
    #   jupyter-server
    #   nbclassic
    #   notebook
text-unidecode==1.3
    # via python-slugify
tinycss2==1.2.1
    # via nbconvert
toml==0.10.2
    # via kedro
tomli==2.0.1
    # via jupyterlab
toposort==1.10
    # via kedro
tornado==6.4
    # via
    #   ipykernel
    #   jupyter-client
    #   jupyter-server
    #   jupyterlab
    #   nbclassic
    #   notebook
    #   terminado
traitlets==5.9.0
    # via
    #   -r C:\Users\paolo\Documents\GitHub\tentative_agri_proj\src\requirements.txt
    #   comm
    #   ipykernel
    #   ipython
    #   ipywidgets
    #   jupyter-client
    #   jupyter-console
    #   jupyter-core
    #   jupyter-server
    #   matplotlib-inline
    #   nbclassic
    #   nbclient
    #   nbconvert
    #   nbformat
    #   notebook
    #   qtconsole
types-python-dateutil==2.8.19.20240106
    # via arrow
typing-extensions==4.9.0
    # via
    #   fastapi
    #   pydantic
    #   sqlalchemy
    #   strawberry-graphql
    #   tensorflow-intel
tzdata==2023.4
    # via pandas
urllib3==2.0.7
    # via
    #   botocore
    #   requests
uvicorn[standard]==0.25.0
    # via
    #   kedro-viz
    #   uvicorn
watchfiles==0.21.0
    # via uvicorn
watchgod==0.8.2
    # via kedro-viz
wcwidth==0.2.13
    # via prompt-toolkit
webencodings==0.5.1
    # via
    #   bleach
    #   tinycss2
websocket-client==1.7.0
    # via jupyter-server
websockets==12.0
    # via uvicorn
werkzeug==3.0.1
    # via tensorboard
wheel==0.42.0
    # via
    #   astunparse
    #   pip-tools
widgetsnbextension==4.0.10
    # via ipywidgets
wrapt==1.14.1
    # via
    #   aiobotocore
    #   tensorflow-intel
yarl==1.9.4
    # via aiohttp
zipp==3.17.0
    # via importlib-metadata

# The following packages are considered to be unsafe in a requirements file:
# pip
# setuptools
